
Microsoft Visual Studio Solution File, Format Version 12.00
# Visual Studio Version 16
VisualStudioVersion = 16.0.30002.166
MinimumVisualStudioVersion = 10.0.40219.1
Project("{9A19103F-16F7-4668-BE54-9A1E7A4F7556}") = "WebApiGestion", "WebApiGestion\WebApiGestion.csproj", "{6C67F139-0CF2-433F-BA37-5C5CBEB085D9}"
EndProject
Project("{9A19103F-16F7-4668-BE54-9A1E7A4F7556}") = "WebApiGestion.EF", "WebApiGestion.EF\WebApiGestion.EF.csproj", "{3BD9C554-444C-41EF-B022-92E33471F03C}"
EndProject
Project("{9A19103F-16F7-4668-BE54-9A1E7A4F7556}") = "WebApiGestion.Domain", "WebApiGestion.Domain\WebApiGestion.Domain.csproj", "{E1755C3F-5498-4742-BF87-72043F3DCCCF}"
EndProject
Project("{9A19103F-16F7-4668-BE54-9A1E7A4F7556}") = "WebApiGestion.Assemblies", "WebApiGestion.Assemblies\WebApiGestion.Assemblies.csproj", "{36CB4C6D-B7E2-4D56-8C01-BE2CDDE9EC38}"
EndProject
Project("{9A19103F-16F7-4668-BE54-9A1E7A4F7556}") = "WebApiGestion.Services", "WebApiGestion.Services\WebApiGestion.Services.csproj", "{BE7B6E4C-0061-4597-B5FE-C044CB36D976}"
EndProject
Project("{9A19103F-16F7-4668-BE54-9A1E7A4F7556}") = "WebApiGestion.Dtos", "WebApiGestion.Dtos\WebApiGestion.Dtos.csproj", "{D5AC9211-9F25-43FB-A7AE-8929C8826C2A}"
EndProject
Project("{FAE04EC0-301F-11D3-BF4B-00C04F79EFBC}") = "WebApiGestion.Shared", "WebApiGestion.Shared\WebApiGestion.Shared.csproj", "{5E0FA88F-7462-44F4-B718-EC7930AFF3EC}"
EndProject
Global
	GlobalSection(SolutionConfigurationPlatforms) = preSolution
		Debug|Any CPU = Debug|Any CPU
		Release|Any CPU = Release|Any CPU
	EndGlobalSection
	GlobalSection(ProjectConfigurationPlatforms) = postSolution
		{6C67F139-0CF2-433F-BA37-5C5CBEB085D9}.Debug|Any CPU.ActiveCfg = Debug|Any CPU
		{6C67F139-0CF2-433F-BA37-5C5CBEB085D9}.Debug|Any CPU.Build.0 = Debug|Any CPU
		{6C67F139-0CF2-433F-BA37-5C5CBEB085D9}.Release|Any CPU.ActiveCfg = Release|Any CPU
		{6C67F139-0CF2-433F-BA37-5C5CBEB085D9}.Release|Any CPU.Build.0 = Release|Any CPU
		{3BD9C554-444C-41EF-B022-92E33471F03C}.Debug|Any CPU.ActiveCfg = Debug|Any CPU
		{3BD9C554-444C-41EF-B022-92E33471F03C}.Debug|Any CPU.Build.0 = Debug|Any CPU
		{3BD9C554-444C-41EF-B022-92E33471F03C}.Release|Any CPU.ActiveCfg = Release|Any CPU
		{3BD9C554-444C-41EF-B022-92E33471F03C}.Release|Any CPU.Build.0 = Release|Any CPU
		{E1755C3F-5498-4742-BF87-72043F3DCCCF}.Debug|Any CPU.ActiveCfg = Debug|Any CPU
		{E1755C3F-5498-4742-BF87-72043F3DCCCF}.Debug|Any CPU.Build.0 = Debug|Any CPU
		{E1755C3F-5498-4742-BF87-72043F3DCCCF}.Release|Any CPU.ActiveCfg = Release|Any CPU
		{E1755C3F-5498-4742-BF87-72043F3DCCCF}.Release|Any CPU.Build.0 = Release|Any CPU
		{36CB4C6D-B7E2-4D56-8C01-BE2CDDE9EC38}.Debug|Any CPU.ActiveCfg = Debug|Any CPU
		{36CB4C6D-B7E2-4D56-8C01-BE2CDDE9EC38}.Debug|Any CPU.Build.0 = Debug|Any CPU
		{36CB4C6D-B7E2-4D56-8C01-BE2CDDE9EC38}.Release|Any CPU.ActiveCfg = Release|Any CPU
		{36CB4C6D-B7E2-4D56-8C01-BE2CDDE9EC38}.Release|Any CPU.Build.0 = Release|Any CPU
		{BE7B6E4C-0061-4597-B5FE-C044CB36D976}.Debug|Any CPU.ActiveCfg = Debug|Any CPU
		{BE7B6E4C-0061-4597-B5FE-C044CB36D976}.Debug|Any CPU.Build.0 = Debug|Any CPU
		{BE7B6E4C-0061-4597-B5FE-C044CB36D976}.Release|Any CPU.ActiveCfg = Release|Any CPU
		{BE7B6E4C-0061-4597-B5FE-C044CB36D976}.Release|Any CPU.Build.0 = Release|Any CPU
		{D5AC9211-9F25-43FB-A7AE-8929C8826C2A}.Debug|Any CPU.ActiveCfg = Debug|Any CPU
		{D5AC9211-9F25-43FB-A7AE-8929C8826C2A}.Debug|Any CPU.Build.0 = Debug|Any CPU
		{D5AC9211-9F25-43FB-A7AE-8929C8826C2A}.Release|Any CPU.ActiveCfg = Release|Any CPU
		{D5AC9211-9F25-43FB-A7AE-8929C8826C2A}.Release|Any CPU.Build.0 = Release|Any CPU
		{5E0FA88F-7462-44F4-B718-EC7930AFF3EC}.Debug|Any CPU.ActiveCfg = Debug|Any CPU
		{5E0FA88F-7462-44F4-B718-EC7930AFF3EC}.Debug|Any CPU.Build.0 = Debug|Any CPU
		{5E0FA88F-7462-44F4-B718-EC7930AFF3EC}.Release|Any CPU.ActiveCfg = Release|Any CPU
		{5E0FA88F-7462-44F4-B718-EC7930AFF3EC}.Release|Any CPU.Build.0 = Release|Any CPU
	EndGlobalSection
	GlobalSection(SolutionProperties) = preSolution
		HideSolutionNode = FALSE
	EndGlobalSection
	GlobalSection(ExtensibilityGlobals) = postSolution
		SolutionGuid = {BF5F347B-9A8A-4FD6-8BCA-84F5801318A7}
	EndGlobalSection
EndGlobal
